Microsoft Visual Studio Solution File, Format Version 12.00
# Visual Studio 15
VisualStudioVersion = 15.0.27004.2008
MinimumVisualStudioVersion = 10.0.40219.1
Project("{2150E333-8FDC-42A3-9474-1A3956D46DE8}") = "assets", "assets", "{E9D1B5E1-DEB9-4A04-8BAB-24EC7240ADAF}"
	ProjectSection(SolutionItems) = preProject
		appveyor.yml = appveyor.yml
		Build.ps1 = Build.ps1
		README.md = README.md
	EndProjectSection
EndProject
Project("{2150E333-8FDC-42A3-9474-1A3956D46DE8}") = "src", "src", "{791D4267-0D6F-4FDF-80F2-11F4E793B0F2}"
EndProject
Project("{2150E333-8FDC-42A3-9474-1A3956D46DE8}") = "test", "test", "{290A2775-7CA0-4F81-9DDC-32E28C3A7565}"
EndProject
Project("{9A19103F-16F7-4668-BE54-9A1E7A4F7556}") = "Serilog.Enrichers.Demystify.Tests", "test\Serilog.Enrichers.Demystify.Tests\Serilog.Enrichers.Demystify.Tests.csproj", "{B11B911D-977A-42CE-900A-596CF59F6FFA}"
EndProject
Project("{9A19103F-16F7-4668-BE54-9A1E7A4F7556}") = "Serilog.Enrichers.Demystify", "src\Serilog.Enrichers.Demystify\Serilog.Enrichers.Demystify.csproj", "{07ED0B3C-158B-4453-8ADE-AE3AF3A1E24C}"
EndProject
Project("{2150E333-8FDC-42A3-9474-1A3956D46DE8}") = "example", "example", "{2399C85B-D741-4812-9DCE-755AA75BC444}"
EndProject
Project("{9A19103F-16F7-4668-BE54-9A1E7A4F7556}") = "DemystifyExample", "example\DemystifyExample\DemystifyExample.csproj", "{8663388C-6B87-485A-A423-F8DCE91A6DA6}"
EndProject
Global
	GlobalSection(SolutionConfigurationPlatforms) = preSolution
		Debug|Any CPU = Debug|Any CPU
		Debug|x64 = Debug|x64
		Debug|x86 = Debug|x86
		Release|Any CPU = Release|Any CPU
		Release|x64 = Release|x64
		Release|x86 = Release|x86
	EndGlobalSection
	GlobalSection(ProjectConfigurationPlatforms) = postSolution
		{B11B911D-977A-42CE-900A-596CF59F6FFA}.Debug|Any CPU.ActiveCfg = Debug|Any CPU
		{B11B911D-977A-42CE-900A-596CF59F6FFA}.Debug|Any CPU.Build.0 = Debug|Any CPU
		{B11B911D-977A-42CE-900A-596CF59F6FFA}.Debug|x64.ActiveCfg = Debug|Any CPU
		{B11B911D-977A-42CE-900A-596CF59F6FFA}.Debug|x64.Build.0 = Debug|Any CPU
		{B11B911D-977A-42CE-900A-596CF59F6FFA}.Debug|x86.ActiveCfg = Debug|Any CPU
		{B11B911D-977A-42CE-900A-596CF59F6FFA}.Debug|x86.Build.0 = Debug|Any CPU
		{B11B911D-977A-42CE-900A-596CF59F6FFA}.Release|Any CPU.ActiveCfg = Release|Any CPU
		{B11B911D-977A-42CE-900A-596CF59F6FFA}.Release|Any CPU.Build.0 = Release|Any CPU
		{B11B911D-977A-42CE-900A-596CF59F6FFA}.Release|x64.ActiveCfg = Release|Any CPU
		{B11B911D-977A-42CE-900A-596CF59F6FFA}.Release|x64.Build.0 = Release|Any CPU
		{B11B911D-977A-42CE-900A-596CF59F6FFA}.Release|x86.ActiveCfg = Release|Any CPU
		{B11B911D-977A-42CE-900A-596CF59F6FFA}.Release|x86.Build.0 = Release|Any CPU
		{07ED0B3C-158B-4453-8ADE-AE3AF3A1E24C}.Debug|Any CPU.ActiveCfg = Debug|Any CPU
		{07ED0B3C-158B-4453-8ADE-AE3AF3A1E24C}.Debug|Any CPU.Build.0 = Debug|Any CPU
		{07ED0B3C-158B-4453-8ADE-AE3AF3A1E24C}.Debug|x64.ActiveCfg = Debug|Any CPU
		{07ED0B3C-158B-4453-8ADE-AE3AF3A1E24C}.Debug|x64.Build.0 = Debug|Any CPU
		{07ED0B3C-158B-4453-8ADE-AE3AF3A1E24C}.Debug|x86.ActiveCfg = Debug|Any CPU
		{07ED0B3C-158B-4453-8ADE-AE3AF3A1E24C}.Debug|x86.Build.0 = Debug|Any CPU
		{07ED0B3C-158B-4453-8ADE-AE3AF3A1E24C}.Release|Any CPU.ActiveCfg = Release|Any CPU
		{07ED0B3C-158B-4453-8ADE-AE3AF3A1E24C}.Release|Any CPU.Build.0 = Release|Any CPU
		{07ED0B3C-158B-4453-8ADE-AE3AF3A1E24C}.Release|x64.ActiveCfg = Release|Any CPU
		{07ED0B3C-158B-4453-8ADE-AE3AF3A1E24C}.Release|x64.Build.0 = Release|Any CPU
		{07ED0B3C-158B-4453-8ADE-AE3AF3A1E24C}.Release|x86.ActiveCfg = Release|Any CPU
		{07ED0B3C-158B-4453-8ADE-AE3AF3A1E24C}.Release|x86.Build.0 = Release|Any CPU
		{8663388C-6B87-485A-A423-F8DCE91A6DA6}.Debug|Any CPU.ActiveCfg = Debug|Any CPU
		{8663388C-6B87-485A-A423-F8DCE91A6DA6}.Debug|Any CPU.Build.0 = Debug|Any CPU
		{8663388C-6B87-485A-A423-F8DCE91A6DA6}.Debug|x64.ActiveCfg = Debug|Any CPU
		{8663388C-6B87-485A-A423-F8DCE91A6DA6}.Debug|x64.Build.0 = Debug|Any CPU
		{8663388C-6B87-485A-A423-F8DCE91A6DA6}.Debug|x86.ActiveCfg = Debug|Any CPU
		{8663388C-6B87-485A-A423-F8DCE91A6DA6}.Debug|x86.Build.0 = Debug|Any CPU
		{8663388C-6B87-485A-A423-F8DCE91A6DA6}.Release|Any CPU.ActiveCfg = Release|Any CPU
		{8663388C-6B87-485A-A423-F8DCE91A6DA6}.Release|Any CPU.Build.0 = Release|Any CPU
		{8663388C-6B87-485A-A423-F8DCE91A6DA6}.Release|x64.ActiveCfg = Release|Any CPU
		{8663388C-6B87-485A-A423-F8DCE91A6DA6}.Release|x64.Build.0 = Release|Any CPU
		{8663388C-6B87-485A-A423-F8DCE91A6DA6}.Release|x86.ActiveCfg = Release|Any CPU
		{8663388C-6B87-485A-A423-F8DCE91A6DA6}.Release|x86.Build.0 = Release|Any CPU
	EndGlobalSection
	GlobalSection(SolutionProperties) = preSolution
		HideSolutionNode = FALSE
	EndGlobalSection
	GlobalSection(NestedProjects) = preSolution
		{B11B911D-977A-42CE-900A-596CF59F6FFA} = {290A2775-7CA0-4F81-9DDC-32E28C3A7565}
		{07ED0B3C-158B-4453-8ADE-AE3AF3A1E24C} = {791D4267-0D6F-4FDF-80F2-11F4E793B0F2}
		{8663388C-6B87-485A-A423-F8DCE91A6DA6} = {2399C85B-D741-4812-9DCE-755AA75BC444}
	EndGlobalSection
	GlobalSection(ExtensibilityGlobals) = postSolution
		SolutionGuid = {4210DC47-D10E-4266-85E1-FB0DB3D3DB4A}
	EndGlobalSection
EndGlobal
